
Microsoft Visual Studio Solution File, Format Version 12.00
Project("{FAE04EC0-301F-11D3-BF4B-00C04F79EFBC}") = "HW1", "HW1\HW1.csproj", "{631139E8-404A-455B-B12A-6AE860EC9216}"
EndProject
Project("{FAE04EC0-301F-11D3-BF4B-00C04F79EFBC}") = "HW2", "HW2\HW2.csproj", "{55CB1320-C945-4CF5-8FEB-504FAD6FD28B}"
EndProject
Project("{FAE04EC0-301F-11D3-BF4B-00C04F79EFBC}") = "HW3", "HW3\HW3.csproj", "{8868081E-61A9-4FBE-8F81-4F06649274E9}"
EndProject
Project("{FAE04EC0-301F-11D3-BF4B-00C04F79EFBC}") = "HW4", "HW4\HW4.csproj", "{CE52D184-7C53-494A-A364-389810304E56}"
EndProject
Project("{FAE04EC0-301F-11D3-BF4B-00C04F79EFBC}") = "HW5", "HW5\HW5.csproj", "{CDF2D622-BE47-4DCB-8324-4592D72B13B4}"
EndProject
Global
	GlobalSection(SolutionConfigurationPlatforms) = preSolution
		Debug|Any CPU = Debug|Any CPU
		Release|Any CPU = Release|Any CPU
	EndGlobalSection
	GlobalSection(ProjectConfigurationPlatforms) = postSolution
		{631139E8-404A-455B-B12A-6AE860EC9216}.Debug|Any CPU.ActiveCfg = Debug|Any CPU
		{631139E8-404A-455B-B12A-6AE860EC9216}.Debug|Any CPU.Build.0 = Debug|Any CPU
		{631139E8-404A-455B-B12A-6AE860EC9216}.Release|Any CPU.ActiveCfg = Release|Any CPU
		{631139E8-404A-455B-B12A-6AE860EC9216}.Release|Any CPU.Build.0 = Release|Any CPU
		{55CB1320-C945-4CF5-8FEB-504FAD6FD28B}.Debug|Any CPU.ActiveCfg = Debug|Any CPU
		{55CB1320-C945-4CF5-8FEB-504FAD6FD28B}.Debug|Any CPU.Build.0 = Debug|Any CPU
		{55CB1320-C945-4CF5-8FEB-504FAD6FD28B}.Release|Any CPU.ActiveCfg = Release|Any CPU
		{55CB1320-C945-4CF5-8FEB-504FAD6FD28B}.Release|Any CPU.Build.0 = Release|Any CPU
		{8868081E-61A9-4FBE-8F81-4F06649274E9}.Debug|Any CPU.ActiveCfg = Debug|Any CPU
		{8868081E-61A9-4FBE-8F81-4F06649274E9}.Debug|Any CPU.Build.0 = Debug|Any CPU
		{8868081E-61A9-4FBE-8F81-4F06649274E9}.Release|Any CPU.ActiveCfg = Release|Any CPU
		{8868081E-61A9-4FBE-8F81-4F06649274E9}.Release|Any CPU.Build.0 = Release|Any CPU
		{CE52D184-7C53-494A-A364-389810304E56}.Debug|Any CPU.ActiveCfg = Debug|Any CPU
		{CE52D184-7C53-494A-A364-389810304E56}.Debug|Any CPU.Build.0 = Debug|Any CPU
		{CE52D184-7C53-494A-A364-389810304E56}.Release|Any CPU.ActiveCfg = Release|Any CPU
		{CE52D184-7C53-494A-A364-389810304E56}.Release|Any CPU.Build.0 = Release|Any CPU
		{CDF2D622-BE47-4DCB-8324-4592D72B13B4}.Debug|Any CPU.ActiveCfg = Debug|Any CPU
		{CDF2D622-BE47-4DCB-8324-4592D72B13B4}.Debug|Any CPU.Build.0 = Debug|Any CPU
		{CDF2D622-BE47-4DCB-8324-4592D72B13B4}.Release|Any CPU.ActiveCfg = Release|Any CPU
		{CDF2D622-BE47-4DCB-8324-4592D72B13B4}.Release|Any CPU.Build.0 = Release|Any CPU
	EndGlobalSection
EndGlobal
